
Microsoft Visual Studio Solution File, Format Version 12.00
# Visual Studio Version 16
VisualStudioVersion = 16.0.30413.136
MinimumVisualStudioVersion = 10.0.40219.1
Project("{FAE04EC0-301F-11D3-BF4B-00C04F79EFBC}") = "Faker", "Faker\Faker.csproj", "{26A3DBB9-A00B-4F96-8C31-E89AF8178D7D}"
EndProject
Project("{FAE04EC0-301F-11D3-BF4B-00C04F79EFBC}") = "CharGenerator", "CharGenerator\CharGenerator.csproj", "{B4835377-0A6C-4F6B-A5C1-42A3AFCA4A62}"
EndProject
Project("{FAE04EC0-301F-11D3-BF4B-00C04F79EFBC}") = "StringGenerator", "StringGenerator\StringGenerator.csproj", "{13851AE2-FD58-4567-868B-8EFD87407BB7}"
EndProject
Global
	GlobalSection(SolutionConfigurationPlatforms) = preSolution
		Debug|Any CPU = Debug|Any CPU
		Release|Any CPU = Release|Any CPU
	EndGlobalSection
	GlobalSection(ProjectConfigurationPlatforms) = postSolution
		{26A3DBB9-A00B-4F96-8C31-E89AF8178D7D}.Debug|Any CPU.ActiveCfg = Debug|Any CPU
		{26A3DBB9-A00B-4F96-8C31-E89AF8178D7D}.Debug|Any CPU.Build.0 = Debug|Any CPU
		{26A3DBB9-A00B-4F96-8C31-E89AF8178D7D}.Release|Any CPU.ActiveCfg = Release|Any CPU
		{26A3DBB9-A00B-4F96-8C31-E89AF8178D7D}.Release|Any CPU.Build.0 = Release|Any CPU
		{B4835377-0A6C-4F6B-A5C1-42A3AFCA4A62}.Debug|Any CPU.ActiveCfg = Debug|Any CPU
		{B4835377-0A6C-4F6B-A5C1-42A3AFCA4A62}.Debug|Any CPU.Build.0 = Debug|Any CPU
		{B4835377-0A6C-4F6B-A5C1-42A3AFCA4A62}.Release|Any CPU.ActiveCfg = Release|Any CPU
		{B4835377-0A6C-4F6B-A5C1-42A3AFCA4A62}.Release|Any CPU.Build.0 = Release|Any CPU
		{13851AE2-FD58-4567-868B-8EFD87407BB7}.Debug|Any CPU.ActiveCfg = Debug|Any CPU
		{13851AE2-FD58-4567-868B-8EFD87407BB7}.Debug|Any CPU.Build.0 = Debug|Any CPU
		{13851AE2-FD58-4567-868B-8EFD87407BB7}.Release|Any CPU.ActiveCfg = Release|Any CPU
		{13851AE2-FD58-4567-868B-8EFD87407BB7}.Release|Any CPU.Build.0 = Release|Any CPU
	EndGlobalSection
	GlobalSection(SolutionProperties) = preSolution
		HideSolutionNode = FALSE
	EndGlobalSection
	GlobalSection(ExtensibilityGlobals) = postSolution
		SolutionGuid = {B7417BDB-FCC5-4124-AA3C-66A074CD03AF}
	EndGlobalSection
EndGlobal
